
Microsoft Visual Studio Solution File, Format Version 12.00
# Visual Studio Version 16
VisualStudioVersion = 16.0.32802.440
MinimumVisualStudioVersion = 10.0.40219.1
Project("{FAE04EC0-301F-11D3-BF4B-00C04F79EFBC}") = "Ventas", "Ventas\Ventas.csproj", "{BDBD96FF-1F88-42AD-B131-57D0D263DD0B}"
EndProject
Global
	GlobalSection(SolutionConfigurationPlatforms) = preSolution
		Debug|Any CPU = Debug|Any CPU
		Release|Any CPU = Release|Any CPU
	EndGlobalSection
	GlobalSection(ProjectConfigurationPlatforms) = postSolution
		{BDBD96FF-1F88-42AD-B131-57D0D263DD0B}.Debug|Any CPU.ActiveCfg = Debug|Any CPU
		{BDBD96FF-1F88-42AD-B131-57D0D263DD0B}.Debug|Any CPU.Build.0 = Debug|Any CPU
		{BDBD96FF-1F88-42AD-B131-57D0D263DD0B}.Release|Any CPU.ActiveCfg = Release|Any CPU
		{BDBD96FF-1F88-42AD-B131-57D0D263DD0B}.Release|Any CPU.Build.0 = Release|Any CPU
	EndGlobalSection
	GlobalSection(SolutionProperties) = preSolution
		HideSolutionNode = FALSE
	EndGlobalSection
	GlobalSection(ExtensibilityGlobals) = postSolution
		SolutionGuid = {E1FA7538-DB2E-44F7-AAED-7E38D77F7DE6}
	EndGlobalSection
EndGlobal
